
Microsoft Visual Studio Solution File, Format Version 12.00
# Visual Studio 2015
Project("{FAE04EC0-301F-11D3-BF4B-00C04F79EFBC}") = "NobelPart", "NobelPart.csproj", "{03DD4D23-3824-F3B4-35DB-FB9632E481BF}"
EndProject
Global
	GlobalSection(SolutionConfigurationPlatforms) = preSolution
		Debug|Any CPU = Debug|Any CPU
		Release|Any CPU = Release|Any CPU
	EndGlobalSection
	GlobalSection(ProjectConfigurationPlatforms) = postSolution
		{03DD4D23-3824-F3B4-35DB-FB9632E481BF}.Debug|Any CPU.ActiveCfg = Debug|Any CPU
		{03DD4D23-3824-F3B4-35DB-FB9632E481BF}.Debug|Any CPU.Build.0 = Debug|Any CPU
		{03DD4D23-3824-F3B4-35DB-FB9632E481BF}.Release|Any CPU.ActiveCfg = Release|Any CPU
		{03DD4D23-3824-F3B4-35DB-FB9632E481BF}.Release|Any CPU.Build.0 = Release|Any CPU
	EndGlobalSection
	GlobalSection(SolutionProperties) = preSolution
		HideSolutionNode = FALSE
	EndGlobalSection
EndGlobal
